{
  "name": "weebpaint",
  "lockfileVersion": 3,
  "requires": true,
  "packages": {
    "": {
      "name": "weebpaint",
      "dependencies": {
        "@internal/encryption": "file:./vendor-pkgs/internal-encryption-0.1.0.tgz",
        "@internal/store": "file:vendor-pkgs/internal-store-0.11.0.tgz"
      },
      "devDependencies": {
        "playwright": "^1.61.1",
        "typescript": "5.7.3"
      }
    },
    "node_modules/@internal/encryption": {
      "version": "0.1.0",
      "resolved": "file:vendor-pkgs/internal-encryption-0.1.0.tgz",
      "integrity": "sha512-g55V4XbXdQWhEVwOeQeP5vMSoBkeua5jnbZxbh20ObYRmtta5Y4oOvNd9oF3+QyNzyvHDG0fL/ysdv5lSJPGgw==",
      "license": "MIT"
    },
    "node_modules/@internal/store": {
      "version": "0.11.0",
      "resolved": "file:vendor-pkgs/internal-store-0.11.0.tgz",
      "integrity": "sha512-6JgX40Cye9C78dZsOwV/h8D71JRQkTD8x9+bUwpel+Xxizb/voH3yyCqz+mlB7s1MNlNwhAPZQ8aWVUgdczPDA==",
      "license": "MIT"
    },
    "node_modules/fsevents": {
      "version": "2.3.2",
      "resolved": "https://registry.npmjs.org/fsevents/-/fsevents-2.3.2.tgz",
      "integrity": "sha512-xiqMQR4xAeHTuB9uWm+fFRcIOgKBMiOBP+eXiyT7jsgVCq1bkVygt00oASowB7EdtpOHaaPgKt812P9ab+DDKA==",
      "dev": true,
      "hasInstallScript": true,
      "license": "MIT",
      "optional": true,
      "os": [
        "darwin"
      ],
      "engines": {
        "node": "^8.16.0 || ^10.6.0 || >=11.0.0"
      }
    },
    "node_modules/playwright": {
      "version": "1.61.1",
      "resolved": "https://registry.npmjs.org/playwright/-/playwright-1.61.1.tgz",
      "integrity": "sha512-DWnY5o3YbLWK4GovuAVwpqL+1VwGNdUGrRr++8j8PtQQzvAVZUIMjKQ90fY689sEJZJBbZVw1rXaOKSTitkzPQ==",
      "dev": true,
      "license": "Apache-2.0",
      "dependencies": {
        "playwright-core": "1.61.1"
      },
      "bin": {
        "playwright": "cli.js"
      },
      "engines": {
        "node": ">=18"
      },
      "optionalDependencies": {
        "fsevents": "2.3.2"
      }
    },
    "node_modules/playwright-core": {
      "version": "1.61.1",
      "resolved": "https://registry.npmjs.org/playwright-core/-/playwright-core-1.61.1.tgz",
      "integrity": "sha512-h7Qlt6m4REp25qvIdvbDtVmD4LqVXfpRxhORv9L0jzETM05p4fuPJ3dKyuSXQxDSbXnmS79HAgi9589lGSpLkg==",
      "dev": true,
      "license": "Apache-2.0",
      "bin": {
        "playwright-core": "cli.js"
      },
      "engines": {
        "node": ">=18"
      }
    },
    "node_modules/typescript": {
      "version": "5.7.3",
      "resolved": "https://registry.npmjs.org/typescript/-/typescript-5.7.3.tgz",
      "integrity": "sha512-84MVSjMEHP+FQRPy3pX9sTVV/INIex71s9TL2Gm5FG/WG1SqXeKyZ0k7/blY/4FdOzI12CBy1vGc4og/eus0fw==",
      "dev": true,
      "license": "Apache-2.0",
      "bin": {
        "tsc": "bin/tsc",
        "tsserver": "bin/tsserver"
      },
      "engines": {
        "node": ">=14.17"
      }
    }
  }
}
